
Microsoft Visual Studio Solution File, Format Version 12.00
# Visual Studio Version 16
VisualStudioVersion = 16.0.31424.327
MinimumVisualStudioVersion = 10.0.40219.1
Project("{FAE04EC0-301F-11D3-BF4B-00C04F79EFBC}") = "HelloWorld", "HelloWorld.csproj", "{850721DF-9D49-4360-AA1F-204F6829459E}"
EndProject
Project("{FAE04EC0-301F-11D3-BF4B-00C04F79EFBC}") = "TiposEVariaveis", "..\TiposEVariaveis\TiposEVariaveis.csproj", "{C463A277-605F-41DA-8A5C-184A8B121AA2}"
EndProject
Project("{FAE04EC0-301F-11D3-BF4B-00C04F79EFBC}") = "Program", "..\Program\Program.csproj", "{05CBDDBD-5954-4DC1-A169-766F99D98B34}"
EndProject
Project("{FAE04EC0-301F-11D3-BF4B-00C04F79EFBC}") = "LacosCondicionais", "..\LacosCondicionais\LacosCondicionais.csproj", "{B493B22A-5A1B-4DA1-AE00-9E2934F5BDA1}"
EndProject
Project("{FAE04EC0-301F-11D3-BF4B-00C04F79EFBC}") = "OMundodasClasses1", "..\OMundodasClasses1\OMundodasClasses1.csproj", "{93C794B6-07C4-46E8-BB79-221A77B6F664}"
EndProject
Global
	GlobalSection(SolutionConfigurationPlatforms) = preSolution
		Debug|Any CPU = Debug|Any CPU
		Release|Any CPU = Release|Any CPU
	EndGlobalSection
	GlobalSection(ProjectConfigurationPlatforms) = postSolution
		{850721DF-9D49-4360-AA1F-204F6829459E}.Debug|Any CPU.ActiveCfg = Debug|Any CPU
		{850721DF-9D49-4360-AA1F-204F6829459E}.Debug|Any CPU.Build.0 = Debug|Any CPU
		{850721DF-9D49-4360-AA1F-204F6829459E}.Release|Any CPU.ActiveCfg = Release|Any CPU
		{850721DF-9D49-4360-AA1F-204F6829459E}.Release|Any CPU.Build.0 = Release|Any CPU
		{C463A277-605F-41DA-8A5C-184A8B121AA2}.Debug|Any CPU.ActiveCfg = Debug|Any CPU
		{C463A277-605F-41DA-8A5C-184A8B121AA2}.Debug|Any CPU.Build.0 = Debug|Any CPU
		{C463A277-605F-41DA-8A5C-184A8B121AA2}.Release|Any CPU.ActiveCfg = Release|Any CPU
		{C463A277-605F-41DA-8A5C-184A8B121AA2}.Release|Any CPU.Build.0 = Release|Any CPU
		{05CBDDBD-5954-4DC1-A169-766F99D98B34}.Debug|Any CPU.ActiveCfg = Debug|Any CPU
		{05CBDDBD-5954-4DC1-A169-766F99D98B34}.Debug|Any CPU.Build.0 = Debug|Any CPU
		{05CBDDBD-5954-4DC1-A169-766F99D98B34}.Release|Any CPU.ActiveCfg = Release|Any CPU
		{05CBDDBD-5954-4DC1-A169-766F99D98B34}.Release|Any CPU.Build.0 = Release|Any CPU
		{B493B22A-5A1B-4DA1-AE00-9E2934F5BDA1}.Debug|Any CPU.ActiveCfg = Debug|Any CPU
		{B493B22A-5A1B-4DA1-AE00-9E2934F5BDA1}.Debug|Any CPU.Build.0 = Debug|Any CPU
		{B493B22A-5A1B-4DA1-AE00-9E2934F5BDA1}.Release|Any CPU.ActiveCfg = Release|Any CPU
		{B493B22A-5A1B-4DA1-AE00-9E2934F5BDA1}.Release|Any CPU.Build.0 = Release|Any CPU
		{93C794B6-07C4-46E8-BB79-221A77B6F664}.Debug|Any CPU.ActiveCfg = Debug|Any CPU
		{93C794B6-07C4-46E8-BB79-221A77B6F664}.Debug|Any CPU.Build.0 = Debug|Any CPU
		{93C794B6-07C4-46E8-BB79-221A77B6F664}.Release|Any CPU.ActiveCfg = Release|Any CPU
		{93C794B6-07C4-46E8-BB79-221A77B6F664}.Release|Any CPU.Build.0 = Release|Any CPU
	EndGlobalSection
	GlobalSection(SolutionProperties) = preSolution
		HideSolutionNode = FALSE
	EndGlobalSection
	GlobalSection(ExtensibilityGlobals) = postSolution
		SolutionGuid = {1F433271-6595-4550-A6BD-DA4C403350E8}
	EndGlobalSection
EndGlobal
